
Microsoft Visual Studio Solution File, Format Version 12.00
Project("{FAE04EC0-301F-11D3-BF4B-00C04F79EFBC}") = "Eu5_MapTool", "Eu5_MapTool\Eu5_MapTool.csproj", "{D2647775-A2E4-41EC-BA97-39F6981D2B98}"
EndProject
Global
	GlobalSection(SolutionConfigurationPlatforms) = preSolution
		Debug|Any CPU = Debug|Any CPU
		Release|Any CPU = Release|Any CPU
	EndGlobalSection
	GlobalSection(ProjectConfigurationPlatforms) = postSolution
		{D2647775-A2E4-41EC-BA97-39F6981D2B98}.Debug|Any CPU.ActiveCfg = Debug|Any CPU
		{D2647775-A2E4-41EC-BA97-39F6981D2B98}.Debug|Any CPU.Build.0 = Debug|Any CPU
		{D2647775-A2E4-41EC-BA97-39F6981D2B98}.Release|Any CPU.ActiveCfg = Release|Any CPU
		{D2647775-A2E4-41EC-BA97-39F6981D2B98}.Release|Any CPU.Build.0 = Release|Any CPU
	EndGlobalSection
EndGlobal
